
Microsoft Visual Studio Solution File, Format Version 12.00
# Visual Studio Version 16
VisualStudioVersion = 16.0.30406.217
MinimumVisualStudioVersion = 10.0.40219.1
Project("{FAE04EC0-301F-11D3-BF4B-00C04F79EFBC}") = "DockerSampleAPI", "DockerSampleAPI\DockerSampleAPI.csproj", "{C546ADC4-1276-4880-953F-B481D42BFFA8}"
EndProject
Global
	GlobalSection(SolutionConfigurationPlatforms) = preSolution
		Debug|Any CPU = Debug|Any CPU
		Release|Any CPU = Release|Any CPU
	EndGlobalSection
	GlobalSection(ProjectConfigurationPlatforms) = postSolution
		{C546ADC4-1276-4880-953F-B481D42BFFA8}.Debug|Any CPU.ActiveCfg = Debug|Any CPU
		{C546ADC4-1276-4880-953F-B481D42BFFA8}.Debug|Any CPU.Build.0 = Debug|Any CPU
		{C546ADC4-1276-4880-953F-B481D42BFFA8}.Release|Any CPU.ActiveCfg = Release|Any CPU
		{C546ADC4-1276-4880-953F-B481D42BFFA8}.Release|Any CPU.Build.0 = Release|Any CPU
	EndGlobalSection
	GlobalSection(SolutionProperties) = preSolution
		HideSolutionNode = FALSE
	EndGlobalSection
	GlobalSection(ExtensibilityGlobals) = postSolution
		SolutionGuid = {45227049-189C-4433-B3F8-B09977CB473F}
	EndGlobalSection
EndGlobal
